{
  "name": "ToyExampleV1",
  "lockfileVersion": 2,
  "requires": true,
  "packages": {
    "": {
      "dependencies": {
        "speckle-js": "^0.0.10"
      }
    },
    "node_modules/speckle-js": {
      "version": "0.0.10",
      "resolved": "https://registry.npmjs.org/speckle-js/-/speckle-js-0.0.10.tgz",
      "integrity": "sha512-tp37JDP/so63cEEya4EzdxQ3Enu2J2QqiFpQcOZ4J2FDmEoH6u81DFNm61K8M/2COnDNtFaNVJYvLb51iNM56Q=="
    }
  },
  "dependencies": {
    "speckle-js": {
      "version": "0.0.10",
      "resolved": "https://registry.npmjs.org/speckle-js/-/speckle-js-0.0.10.tgz",
      "integrity": "sha512-tp37JDP/so63cEEya4EzdxQ3Enu2J2QqiFpQcOZ4J2FDmEoH6u81DFNm61K8M/2COnDNtFaNVJYvLb51iNM56Q=="
    }
  }
}
